{
    "version": 3,
    "terraform_version": "0.11.5",
    "serial": 6,
    "lineage": "f19493fe-434f-7e6d-cf6f-c2d3691384fd",
    "modules": [
        {
            "path": [
                "root"
            ],
            "outputs": {},
            "resources": {
                "aws_instance.instances.0": {
                    "type": "aws_instance",
                    "depends_on": [
                        "aws_key_pair.keypair",
                        "aws_security_group.allow_ssh",
                        "aws_subnet.public_subnet.*"
                    ],
                    "primary": {
                        "id": "i-07abbcc203671ea8d",
                        "attributes": {
                            "ami": "ami-b70554c8",
                            "associate_public_ip_address": "true",
                            "availability_zone": "us-east-1a",
                            "credit_specification.#": "1",
                            "credit_specification.0.cpu_credits": "standard",
                            "disable_api_termination": "false",
                            "ebs_block_device.#": "0",
                            "ebs_optimized": "false",
                            "ephemeral_block_device.#": "0",
                            "get_password_data": "false",
                            "iam_instance_profile": "",
                            "id": "i-07abbcc203671ea8d",
                            "instance_state": "running",
                            "instance_type": "t2.micro",
                            "ipv6_addresses.#": "0",
                            "key_name": "hibicode",
                            "monitoring": "false",
                            "network_interface.#": "0",
                            "network_interface_id": "eni-9cea1388",
                            "password_data": "",
                            "placement_group": "",
                            "primary_network_interface_id": "eni-9cea1388",
                            "private_dns": "ip-192-168-128-15.ec2.internal",
                            "private_ip": "192.168.128.15",
                            "public_dns": "",
                            "public_ip": "174.129.77.144",
                            "root_block_device.#": "1",
                            "root_block_device.0.delete_on_termination": "true",
                            "root_block_device.0.iops": "100",
                            "root_block_device.0.volume_id": "vol-0a6993dbb056ed174",
                            "root_block_device.0.volume_size": "8",
                            "root_block_device.0.volume_type": "gp2",
                            "security_groups.#": "0",
                            "source_dest_check": "true",
                            "subnet_id": "subnet-b54beb9b",
                            "tags.%": "1",
                            "tags.Name": "hibicode_instances",
                            "tenancy": "default",
                            "volume_tags.%": "0",
                            "vpc_security_group_ids.#": "1",
                            "vpc_security_group_ids.1500737899": "sg-a41d72ef"
                        },
                        "meta": {
                            "e2bfb730-ecaa-11e6-8f88-34363bc7c4c0": {
                                "create": 600000000000,
                                "delete": 1200000000000,
                                "update": 600000000000
                            },
                            "schema_version": "1"
                        },
                        "tainted": false
                    },
                    "deposed": [],
                    "provider": "provider.aws"
                },
                "aws_instance.instances.1": {
                    "type": "aws_instance",
                    "depends_on": [
                        "aws_key_pair.keypair",
                        "aws_security_group.allow_ssh",
                        "aws_subnet.public_subnet.*"
                    ],
                    "primary": {
                        "id": "i-0cbbc358f3b19655b",
                        "attributes": {
                            "ami": "ami-b70554c8",
                            "associate_public_ip_address": "true",
                            "availability_zone": "us-east-1b",
                            "credit_specification.#": "1",
                            "credit_specification.0.cpu_credits": "standard",
                            "disable_api_termination": "false",
                            "ebs_block_device.#": "0",
                            "ebs_optimized": "false",
                            "ephemeral_block_device.#": "0",
                            "get_password_data": "false",
                            "iam_instance_profile": "",
                            "id": "i-0cbbc358f3b19655b",
                            "instance_state": "running",
                            "instance_type": "t2.micro",
                            "ipv6_addresses.#": "0",
                            "key_name": "hibicode",
                            "monitoring": "false",
                            "network_interface.#": "0",
                            "network_interface_id": "eni-802657e5",
                            "password_data": "",
                            "placement_group": "",
                            "primary_network_interface_id": "eni-802657e5",
                            "private_dns": "ip-192-168-128-90.ec2.internal",
                            "private_ip": "192.168.128.90",
                            "public_dns": "",
                            "public_ip": "54.145.14.71",
                            "root_block_device.#": "1",
                            "root_block_device.0.delete_on_termination": "true",
                            "root_block_device.0.iops": "100",
                            "root_block_device.0.volume_id": "vol-0fb13d532b6f795a2",
                            "root_block_device.0.volume_size": "8",
                            "root_block_device.0.volume_type": "gp2",
                            "security_groups.#": "0",
                            "source_dest_check": "true",
                            "subnet_id": "subnet-f76316bd",
                            "tags.%": "1",
                            "tags.Name": "hibicode_instances",
                            "tenancy": "default",
                            "volume_tags.%": "0",
                            "vpc_security_group_ids.#": "1",
                            "vpc_security_group_ids.1500737899": "sg-a41d72ef"
                        },
                        "meta": {
                            "e2bfb730-ecaa-11e6-8f88-34363bc7c4c0": {
                                "create": 600000000000,
                                "delete": 1200000000000,
                                "update": 600000000000
                            },
                            "schema_version": "1"
                        },
                        "tainted": false
                    },
                    "deposed": [],
                    "provider": "provider.aws"
                },
                "aws_instance.instances.2": {
                    "type": "aws_instance",
                    "depends_on": [
                        "aws_key_pair.keypair",
                        "aws_security_group.allow_ssh",
                        "aws_subnet.public_subnet.*"
                    ],
                    "primary": {
                        "id": "i-019c53640b466cff1",
                        "attributes": {
                            "ami": "ami-b70554c8",
                            "associate_public_ip_address": "true",
                            "availability_zone": "us-east-1c",
                            "credit_specification.#": "1",
                            "credit_specification.0.cpu_credits": "standard",
                            "disable_api_termination": "false",
                            "ebs_block_device.#": "0",
                            "ebs_optimized": "false",
                            "ephemeral_block_device.#": "0",
                            "get_password_data": "false",
                            "iam_instance_profile": "",
                            "id": "i-019c53640b466cff1",
                            "instance_state": "running",
                            "instance_type": "t2.micro",
                            "ipv6_addresses.#": "0",
                            "key_name": "hibicode",
                            "monitoring": "false",
                            "network_interface.#": "0",
                            "network_interface_id": "eni-db175de5",
                            "password_data": "",
                            "placement_group": "",
                            "primary_network_interface_id": "eni-db175de5",
                            "private_dns": "ip-192-168-128-139.ec2.internal",
                            "private_ip": "192.168.128.139",
                            "public_dns": "",
                            "public_ip": "34.207.199.90",
                            "root_block_device.#": "1",
                            "root_block_device.0.delete_on_termination": "true",
                            "root_block_device.0.iops": "100",
                            "root_block_device.0.volume_id": "vol-03386f006e166355e",
                            "root_block_device.0.volume_size": "8",
                            "root_block_device.0.volume_type": "gp2",
                            "security_groups.#": "0",
                            "source_dest_check": "true",
                            "subnet_id": "subnet-5c9c3a00",
                            "tags.%": "1",
                            "tags.Name": "hibicode_instances",
                            "tenancy": "default",
                            "volume_tags.%": "0",
                            "vpc_security_group_ids.#": "1",
                            "vpc_security_group_ids.1500737899": "sg-a41d72ef"
                        },
                        "meta": {
                            "e2bfb730-ecaa-11e6-8f88-34363bc7c4c0": {
                                "create": 600000000000,
                                "delete": 1200000000000,
                                "update": 600000000000
                            },
                            "schema_version": "1"
                        },
                        "tainted": false
                    },
                    "deposed": [],
                    "provider": "provider.aws"
                },
                "aws_key_pair.keypair": {
                    "type": "aws_key_pair",
                    "depends_on": [],
                    "primary": {
                        "id": "hibicode",
                        "attributes": {
                            "id": "hibicode",
                            "key_name": "hibicode",
                            "public_key": "ssh-rsa AAAAB3NzaC1yc2EAAAADAQABAAACAQDF9DaHp0bq9oe9chAs/zlAh0fh/NV0p4rsHxMUmNIQ5K8327+L/kAoaOZXC5Yu5zUzGNPKEDjB3zvg1nuALBeHZDMUX1AxOkvGf1f96Aw6OJg0YoJb5p9MjgxkPIvTIin8K5piqWJ/tYmO1wgR+6eMwfxuDbxfiE8+tcHbDEvAJzMWDw2AEUbqrJctIAX/MJqRugDDoidvHs/FOY2XsUqaiMPvEo7XyWA/mgqWim+F3+zFxGncwzcE01Vpt/b7G/GmUgzKsXKN5lz45D/HS+kC6IHtSjNK6tKL4Qov3kgHw9XQBSf6Tf7FdU2irXGU8ugZzLIWY7ggkQKqbURRRsIkhZChipLW/ZEjPBchKRP13A93cWeW2OmrLcv/Xy1F2mSDWTq6v+G7D4Q8eX78Lhll55y1/H032h9W3kiOww/lFzTInlOIuzUmCS1QzwnZcIBdzFQDDPpHWghRAlrXjZ3tqXjZ4lNZOMMqtgAy5dxzOrgs2dhjppDRq0mROgsvqAb90bfysMaqz2reJdnRqH9YmWfC2i1fQ6uvMubXb11sTpLQd80AQiC7NOHc7nKf8ze9DLXn1AxxkKfUuFYO49RZ+cp1Q/rTyu38oSLHVLCzO7O1wrlbjgGmfepcok5nJM7usibCDTHaGMxEKExl4nQBxn8N5yMxdUNRNJsZrks8tw== normandes@TQI-UOL-55"
                        },
                        "meta": {
                            "schema_version": "1"
                        },
                        "tainted": false
                    },
                    "deposed": [],
                    "provider": "provider.aws"
                },
                "aws_security_group.allow_ssh": {
                    "type": "aws_security_group",
                    "depends_on": [
                        "aws_vpc.main"
                    ],
                    "primary": {
                        "id": "sg-a41d72ef",
                        "attributes": {
                            "arn": "arn:aws:ec2:us-east-1:746213696263:security-group/sg-a41d72ef",
                            "description": "Security Group that allows ssh",
                            "egress.#": "0",
                            "id": "sg-a41d72ef",
                            "ingress.#": "1",
                            "ingress.215643308.cidr_blocks.#": "1",
                            "ingress.215643308.cidr_blocks.0": "200.221.159.18/32",
                            "ingress.215643308.description": "",
                            "ingress.215643308.from_port": "22",
                            "ingress.215643308.ipv6_cidr_blocks.#": "0",
                            "ingress.215643308.protocol": "tcp",
                            "ingress.215643308.security_groups.#": "0",
                            "ingress.215643308.self": "false",
                            "ingress.215643308.to_port": "22",
                            "name": "hibicode_allow_ssh",
                            "owner_id": "746213696263",
                            "revoke_rules_on_delete": "false",
                            "tags.%": "1",
                            "tags.Name": "allow_ssh",
                            "vpc_id": "vpc-6a3dd110"
                        },
                        "meta": {
                            "e2bfb730-ecaa-11e6-8f88-34363bc7c4c0": {
                                "create": 600000000000,
                                "delete": 600000000000
                            },
                            "schema_version": "1"
                        },
                        "tainted": false
                    },
                    "deposed": [],
                    "provider": "provider.aws"
                },
                "aws_subnet.private_subnet.1": {
                    "type": "aws_subnet",
                    "depends_on": [
                        "aws_vpc.main"
                    ],
                    "primary": {
                        "id": "subnet-0b6f1a41",
                        "attributes": {
                            "assign_ipv6_address_on_creation": "false",
                            "availability_zone": "us-east-1b",
                            "cidr_block": "192.168.1.64/26",
                            "id": "subnet-0b6f1a41",
                            "map_public_ip_on_launch": "false",
                            "tags.%": "1",
                            "tags.Name": "hibicode_private_subnet_1",
                            "vpc_id": "vpc-6a3dd110"
                        },
                        "meta": {
                            "schema_version": "1"
                        },
                        "tainted": false
                    },
                    "deposed": [],
                    "provider": "provider.aws"
                },
                "aws_subnet.private_subnet.2": {
                    "type": "aws_subnet",
                    "depends_on": [
                        "aws_vpc.main"
                    ],
                    "primary": {
                        "id": "subnet-1f61c743",
                        "attributes": {
                            "assign_ipv6_address_on_creation": "false",
                            "availability_zone": "us-east-1c",
                            "cidr_block": "192.168.1.128/26",
                            "id": "subnet-1f61c743",
                            "map_public_ip_on_launch": "false",
                            "tags.%": "1",
                            "tags.Name": "hibicode_private_subnet_2",
                            "vpc_id": "vpc-6a3dd110"
                        },
                        "meta": {
                            "schema_version": "1"
                        },
                        "tainted": false
                    },
                    "deposed": [],
                    "provider": "provider.aws"
                },
                "aws_subnet.public_subnet.0": {
                    "type": "aws_subnet",
                    "depends_on": [
                        "aws_vpc.main"
                    ],
                    "primary": {
                        "id": "subnet-b54beb9b",
                        "attributes": {
                            "assign_ipv6_address_on_creation": "false",
                            "availability_zone": "us-east-1a",
                            "cidr_block": "192.168.128.0/26",
                            "id": "subnet-b54beb9b",
                            "map_public_ip_on_launch": "true",
                            "tags.%": "1",
                            "tags.Name": "hibicode_public_subnet_0",
                            "vpc_id": "vpc-6a3dd110"
                        },
                        "meta": {
                            "schema_version": "1"
                        },
                        "tainted": false
                    },
                    "deposed": [],
                    "provider": "provider.aws"
                },
                "aws_subnet.public_subnet.1": {
                    "type": "aws_subnet",
                    "depends_on": [
                        "aws_vpc.main"
                    ],
                    "primary": {
                        "id": "subnet-f76316bd",
                        "attributes": {
                            "assign_ipv6_address_on_creation": "false",
                            "availability_zone": "us-east-1b",
                            "cidr_block": "192.168.128.64/26",
                            "id": "subnet-f76316bd",
                            "map_public_ip_on_launch": "true",
                            "tags.%": "1",
                            "tags.Name": "hibicode_public_subnet_1",
                            "vpc_id": "vpc-6a3dd110"
                        },
                        "meta": {
                            "schema_version": "1"
                        },
                        "tainted": false
                    },
                    "deposed": [],
                    "provider": "provider.aws"
                },
                "aws_subnet.public_subnet.2": {
                    "type": "aws_subnet",
                    "depends_on": [
                        "aws_vpc.main"
                    ],
                    "primary": {
                        "id": "subnet-5c9c3a00",
                        "attributes": {
                            "assign_ipv6_address_on_creation": "false",
                            "availability_zone": "us-east-1c",
                            "cidr_block": "192.168.128.128/26",
                            "id": "subnet-5c9c3a00",
                            "map_public_ip_on_launch": "true",
                            "tags.%": "1",
                            "tags.Name": "hibicode_public_subnet_2",
                            "vpc_id": "vpc-6a3dd110"
                        },
                        "meta": {
                            "schema_version": "1"
                        },
                        "tainted": false
                    },
                    "deposed": [],
                    "provider": "provider.aws"
                },
                "aws_vpc.main": {
                    "type": "aws_vpc",
                    "depends_on": [],
                    "primary": {
                        "id": "vpc-6a3dd110",
                        "attributes": {
                            "assign_generated_ipv6_cidr_block": "false",
                            "cidr_block": "192.168.0.0/16",
                            "default_network_acl_id": "acl-43f5bd39",
                            "default_route_table_id": "rtb-e1a7009e",
                            "default_security_group_id": "sg-fe6804b5",
                            "dhcp_options_id": "dopt-cda2c6a9",
                            "enable_classiclink": "false",
                            "enable_classiclink_dns_support": "false",
                            "enable_dns_hostnames": "false",
                            "enable_dns_support": "true",
                            "id": "vpc-6a3dd110",
                            "instance_tenancy": "default",
                            "main_route_table_id": "rtb-e1a7009e",
                            "tags.%": "1",
                            "tags.Name": "hibicode"
                        },
                        "meta": {
                            "schema_version": "1"
                        },
                        "tainted": false
                    },
                    "deposed": [],
                    "provider": "provider.aws"
                }
            },
            "depends_on": []
        }
    ]
}
